
Microsoft Visual Studio Solution File, Format Version 12.00
# Visual Studio 15
VisualStudioVersion = 15.0.28307.102
MinimumVisualStudioVersion = 10.0.40219.1
Project("{FAE04EC0-301F-11D3-BF4B-00C04F79EFBC}") = "WebApi", "WebApi\WebApi.csproj", "{A5AFA7BE-2FBE-4957-9832-85977DAC97F1}"
EndProject
Project("{FAE04EC0-301F-11D3-BF4B-00C04F79EFBC}") = "Infrastructure", "Infrastructure\Infrastructure.csproj", "{FFBCA195-B242-4BEE-91A0-C2F233BFFCDF}"
EndProject
Project("{FAE04EC0-301F-11D3-BF4B-00C04F79EFBC}") = "Model", "Model\Model.csproj", "{F1909476-DD1F-4C28-84D6-E0E24B6B7C75}"
EndProject
Global
	GlobalSection(SolutionConfigurationPlatforms) = preSolution
		Debug|Any CPU = Debug|Any CPU
		Release|Any CPU = Release|Any CPU
	EndGlobalSection
	GlobalSection(ProjectConfigurationPlatforms) = postSolution
		{A5AFA7BE-2FBE-4957-9832-85977DAC97F1}.Debug|Any CPU.ActiveCfg = Debug|Any CPU
		{A5AFA7BE-2FBE-4957-9832-85977DAC97F1}.Debug|Any CPU.Build.0 = Debug|Any CPU
		{A5AFA7BE-2FBE-4957-9832-85977DAC97F1}.Release|Any CPU.ActiveCfg = Release|Any CPU
		{A5AFA7BE-2FBE-4957-9832-85977DAC97F1}.Release|Any CPU.Build.0 = Release|Any CPU
		{FFBCA195-B242-4BEE-91A0-C2F233BFFCDF}.Debug|Any CPU.ActiveCfg = Debug|Any CPU
		{FFBCA195-B242-4BEE-91A0-C2F233BFFCDF}.Debug|Any CPU.Build.0 = Debug|Any CPU
		{FFBCA195-B242-4BEE-91A0-C2F233BFFCDF}.Release|Any CPU.ActiveCfg = Release|Any CPU
		{FFBCA195-B242-4BEE-91A0-C2F233BFFCDF}.Release|Any CPU.Build.0 = Release|Any CPU
		{F1909476-DD1F-4C28-84D6-E0E24B6B7C75}.Debug|Any CPU.ActiveCfg = Debug|Any CPU
		{F1909476-DD1F-4C28-84D6-E0E24B6B7C75}.Debug|Any CPU.Build.0 = Debug|Any CPU
		{F1909476-DD1F-4C28-84D6-E0E24B6B7C75}.Release|Any CPU.ActiveCfg = Release|Any CPU
		{F1909476-DD1F-4C28-84D6-E0E24B6B7C75}.Release|Any CPU.Build.0 = Release|Any CPU
	EndGlobalSection
	GlobalSection(SolutionProperties) = preSolution
		HideSolutionNode = FALSE
	EndGlobalSection
	GlobalSection(ExtensibilityGlobals) = postSolution
		SolutionGuid = {AC5811B2-82F1-4D8A-A67B-2BB50A04BD4F}
	EndGlobalSection
EndGlobal
